
Microsoft Visual Studio Solution File, Format Version 12.00
# Visual Studio Version 16
VisualStudioVersion = 16.0.30204.135
MinimumVisualStudioVersion = 10.0.40219.1
Project("{FAE04EC0-301F-11D3-BF4B-00C04F79EFBC}") = "WebApplication1", "WebApplication1\WebApplication1.csproj", "{4B455323-749F-4A08-8EB7-0C27520ABE77}"
EndProject
Global
	GlobalSection(SolutionConfigurationPlatforms) = preSolution
		Debug|Any CPU = Debug|Any CPU
		Release|Any CPU = Release|Any CPU
	EndGlobalSection
	GlobalSection(ProjectConfigurationPlatforms) = postSolution
		{4B455323-749F-4A08-8EB7-0C27520ABE77}.Debug|Any CPU.ActiveCfg = Debug|Any CPU
		{4B455323-749F-4A08-8EB7-0C27520ABE77}.Debug|Any CPU.Build.0 = Debug|Any CPU
		{4B455323-749F-4A08-8EB7-0C27520ABE77}.Release|Any CPU.ActiveCfg = Release|Any CPU
		{4B455323-749F-4A08-8EB7-0C27520ABE77}.Release|Any CPU.Build.0 = Release|Any CPU
	EndGlobalSection
	GlobalSection(SolutionProperties) = preSolution
		HideSolutionNode = FALSE
	EndGlobalSection
	GlobalSection(ExtensibilityGlobals) = postSolution
		SolutionGuid = {3E95F1F5-57F1-4B3D-B25F-D247AA46B6A2}
	EndGlobalSection
EndGlobal
